
Microsoft Visual Studio Solution File, Format Version 12.00
# Visual Studio 2013
VisualStudioVersion = 12.0.21005.1
MinimumVisualStudioVersion = 10.0.40219.1
Project("{FAE04EC0-301F-11D3-BF4B-00C04F79EFBC}") = "minhtam", "minhtam\minhtam.csproj", "{A468967E-AC09-47E7-A2B4-439AA2064921}"
EndProject
Project("{FAE04EC0-301F-11D3-BF4B-00C04F79EFBC}") = "UnitTestProject1", "UnitTestProject1\UnitTestProject1.csproj", "{814D3F65-4B51-46A6-87E5-BB2DFB98368F}"
EndProject
Global
	GlobalSection(SolutionConfigurationPlatforms) = preSolution
		Debug|Any CPU = Debug|Any CPU
		Release|Any CPU = Release|Any CPU
	EndGlobalSection
	GlobalSection(ProjectConfigurationPlatforms) = postSolution
		{A468967E-AC09-47E7-A2B4-439AA2064921}.Debug|Any CPU.ActiveCfg = Debug|Any CPU
		{A468967E-AC09-47E7-A2B4-439AA2064921}.Debug|Any CPU.Build.0 = Debug|Any CPU
		{A468967E-AC09-47E7-A2B4-439AA2064921}.Release|Any CPU.ActiveCfg = Release|Any CPU
		{A468967E-AC09-47E7-A2B4-439AA2064921}.Release|Any CPU.Build.0 = Release|Any CPU
		{814D3F65-4B51-46A6-87E5-BB2DFB98368F}.Debug|Any CPU.ActiveCfg = Debug|Any CPU
		{814D3F65-4B51-46A6-87E5-BB2DFB98368F}.Debug|Any CPU.Build.0 = Debug|Any CPU
		{814D3F65-4B51-46A6-87E5-BB2DFB98368F}.Release|Any CPU.ActiveCfg = Release|Any CPU
		{814D3F65-4B51-46A6-87E5-BB2DFB98368F}.Release|Any CPU.Build.0 = Release|Any CPU
	EndGlobalSection
	GlobalSection(SolutionProperties) = preSolution
		HideSolutionNode = FALSE
	EndGlobalSection
EndGlobal
